
Microsoft Visual Studio Solution File, Format Version 12.00
# Visual Studio Version 16
VisualStudioVersion = 16.0.30611.23
MinimumVisualStudioVersion = 10.0.40219.1
Project("{FAE04EC0-301F-11D3-BF4B-00C04F79EFBC}") = "TextGenerator", "TextGenerator\TextGenerator.csproj", "{AE8270E4-0FDC-4EBD-9670-6703DDBC3A14}"
EndProject
Global
	GlobalSection(SolutionConfigurationPlatforms) = preSolution
		Debug|Any CPU = Debug|Any CPU
		Release|Any CPU = Release|Any CPU
	EndGlobalSection
	GlobalSection(ProjectConfigurationPlatforms) = postSolution
		{AE8270E4-0FDC-4EBD-9670-6703DDBC3A14}.Debug|Any CPU.ActiveCfg = Debug|Any CPU
		{AE8270E4-0FDC-4EBD-9670-6703DDBC3A14}.Debug|Any CPU.Build.0 = Debug|Any CPU
		{AE8270E4-0FDC-4EBD-9670-6703DDBC3A14}.Release|Any CPU.ActiveCfg = Release|Any CPU
		{AE8270E4-0FDC-4EBD-9670-6703DDBC3A14}.Release|Any CPU.Build.0 = Release|Any CPU
	EndGlobalSection
	GlobalSection(SolutionProperties) = preSolution
		HideSolutionNode = FALSE
	EndGlobalSection
	GlobalSection(ExtensibilityGlobals) = postSolution
		SolutionGuid = {A61F7C06-D681-4498-A6E3-5247CA17A6CE}
	EndGlobalSection
EndGlobal
